
Microsoft Visual Studio Solution File, Format Version 12.00
# Visual Studio Version 17
VisualStudioVersion = 17.14.37614.0 d17.14
MinimumVisualStudioVersion = 10.0.40219.1
Project("{FAE04EC0-301F-11D3-BF4B-00C04F79EFBC}") = "WebApiRest1w3", "WebApiRest1w3.csproj", "{ABF2FD5D-0642-467E-83BC-87A5985BE03A}"
EndProject
Global
	GlobalSection(SolutionConfigurationPlatforms) = preSolution
		Debug|Any CPU = Debug|Any CPU
		Release|Any CPU = Release|Any CPU
	EndGlobalSection
	GlobalSection(ProjectConfigurationPlatforms) = postSolution
		{ABF2FD5D-0642-467E-83BC-87A5985BE03A}.Debug|Any CPU.ActiveCfg = Debug|Any CPU
		{ABF2FD5D-0642-467E-83BC-87A5985BE03A}.Debug|Any CPU.Build.0 = Debug|Any CPU
		{ABF2FD5D-0642-467E-83BC-87A5985BE03A}.Release|Any CPU.ActiveCfg = Release|Any CPU
		{ABF2FD5D-0642-467E-83BC-87A5985BE03A}.Release|Any CPU.Build.0 = Release|Any CPU
	EndGlobalSection
	GlobalSection(SolutionProperties) = preSolution
		HideSolutionNode = FALSE
	EndGlobalSection
	GlobalSection(ExtensibilityGlobals) = postSolution
		SolutionGuid = {CEB5A3CA-9179-4F4B-9D8F-E1876843AA4D}
	EndGlobalSection
EndGlobal
